
Microsoft Visual Studio Solution File, Format Version 12.00
# Visual Studio Version 16
VisualStudioVersion = 16.0.29324.140
MinimumVisualStudioVersion = 10.0.40219.1
Project("{FAE04EC0-301F-11D3-BF4B-00C04F79EFBC}") = "OnlineMovieRental", "OnlineMovieRental\OnlineMovieRental.csproj", "{636EA396-CAA6-495C-87B1-3F7107F3AF4C}"
EndProject
Global
	GlobalSection(SolutionConfigurationPlatforms) = preSolution
		Debug|Any CPU = Debug|Any CPU
		Release|Any CPU = Release|Any CPU
	EndGlobalSection
	GlobalSection(ProjectConfigurationPlatforms) = postSolution
		{636EA396-CAA6-495C-87B1-3F7107F3AF4C}.Debug|Any CPU.ActiveCfg = Debug|Any CPU
		{636EA396-CAA6-495C-87B1-3F7107F3AF4C}.Debug|Any CPU.Build.0 = Debug|Any CPU
		{636EA396-CAA6-495C-87B1-3F7107F3AF4C}.Release|Any CPU.ActiveCfg = Release|Any CPU
		{636EA396-CAA6-495C-87B1-3F7107F3AF4C}.Release|Any CPU.Build.0 = Release|Any CPU
	EndGlobalSection
	GlobalSection(SolutionProperties) = preSolution
		HideSolutionNode = FALSE
	EndGlobalSection
	GlobalSection(ExtensibilityGlobals) = postSolution
		SolutionGuid = {AE5C7D2E-F7C4-4FA8-9369-06EC630E5485}
	EndGlobalSection
EndGlobal
